// !$*UTF8*$!
{
	archiveVersion = 1;
	classes = {
	};
	objectVersion = 46;
	objects = {

/* Begin PBXBuildFile section */
		350BDA6A1B40DB5A0010C225 /* LGCalendar.m in Sources */ = {isa = PBXBuildFile; fileRef = 350BDA691B40DB5A0010C225 /* LGCalendar.m */; };
		353F92091B427B0900DC00F0 /* LGCalendarHeadView.m in Sources */ = {isa = PBXBuildFile; fileRef = 353F92081B427B0900DC00F0 /* LGCalendarHeadView.m */; };
		353F920C1B4283E400DC00F0 /* LGCalendarButton.m in Sources */ = {isa = PBXBuildFile; fileRef = 353F920B1B4283E400DC00F0 /* LGCalendarButton.m */; };
		35CA35E11B3A88F7005F2743 /* LGCalendarCell.m in Sources */ = {isa = PBXBuildFile; fileRef = 35CA35E01B3A88F7005F2743 /* LGCalendarCell.m */; };
		35CA35ED1B3A906C005F2743 /* UIVew+LGExtension.m in Sources */ = {isa = PBXBuildFile; fileRef = 35CA35EC1B3A906C005F2743 /* UIVew+LGExtension.m */; };
		35FF2CBE1B36A84D00906D46 /* main.m in Sources */ = {isa = PBXBuildFile; fileRef = 35FF2CBD1B36A84D00906D46 /* main.m */; };
		35FF2CC11B36A84D00906D46 /* AppDelegate.m in Sources */ = {isa = PBXBuildFile; fileRef = 35FF2CC01B36A84D00906D46 /* AppDelegate.m */; };
		35FF2CC41B36A84D00906D46 /* ViewController.m in Sources */ = {isa = PBXBuildFile; fileRef = 35FF2CC31B36A84D00906D46 /* ViewController.m */; };
		35FF2CC71B36A84D00906D46 /* Main.storyboard in Resources */ = {isa = PBXBuildFile; fileRef = 35FF2CC51B36A84D00906D46 /* Main.storyboard */; };
		35FF2CC91B36A84D00906D46 /* Images.xcassets in Resources */ = {isa = PBXBuildFile; fileRef = 35FF2CC81B36A84D00906D46 /* Images.xcassets */; };
		35FF2CCC1B36A84D00906D46 /* LaunchScreen.xib in Resources */ = {isa = PBXBuildFile; fileRef = 35FF2CCA1B36A84D00906D46 /* LaunchScreen.xib */; };
		35FF2CD81B36A84D00906D46 /* LGCalenderTests.m in Sources */ = {isa = PBXBuildFile; fileRef = 35FF2CD71B36A84D00906D46 /* LGCalenderTests.m */; };
		35FF2CE41B36A8A100906D46 /* NSDate+calender.m in Sources */ = {isa = PBXBuildFile; fileRef = 35FF2CE31B36A8A100906D46 /* NSDate+calender.m */; };
/* End PBXBuildFile section */

/* Begin PBXContainerItemProxy section */
		35FF2CD21B36A84D00906D46 /* PBXContainerItemProxy */ = {
			isa = PBXContainerItemProxy;
			containerPortal = 35FF2CB01B36A84D00906D46 /* Project object */;
			proxyType = 1;
			remoteGlobalIDString = 35FF2CB71B36A84D00906D46;
			remoteInfo = LGCalender;
		};
/* End PBXContainerItemProxy section */

/* Begin PBXFileReference section */
		350BDA681B40DB5A0010C225 /* LGCalendar.h */ = {isa = PBXFileReference; fileEncoding = 4; lastKnownFileType = sourcecode.c.h; path = LGCalendar.h; sourceTree = "<group>"; };
		350BDA691B40DB5A0010C225 /* LGCalendar.m */ = {isa = PBXFileReference; fileEncoding = 4; lastKnownFileType = sourcecode.c.objc; path = LGCalendar.m; sourceTree = "<group>"; };
		353F92071B427B0900DC00F0 /* LGCalendarHeadView.h */ = {isa = PBXFileReference; fileEncoding = 4; lastKnownFileType = sourcecode.c.h; path = LGCalendarHeadView.h; sourceTree = "<group>"; };
		353F92081B427B0900DC00F0 /* LGCalendarHeadView.m */ = {isa = PBXFileReference; fileEncoding = 4; lastKnownFileType = sourcecode.c.objc; path = LGCalendarHeadView.m; sourceTree = "<group>"; };
		353F920A1B4283E400DC00F0 /* LGCalendarButton.h */ = {isa = PBXFileReference; fileEncoding = 4; lastKnownFileType = sourcecode.c.h; path = LGCalendarButton.h; sourceTree = "<group>"; };
		353F920B1B4283E400DC00F0 /* LGCalendarButton.m */ = {isa = PBXFileReference; fileEncoding = 4; lastKnownFileType = sourcecode.c.objc; path = LGCalendarButton.m; sourceTree = "<group>"; };
		35CA35DF1B3A88F7005F2743 /* LGCalendarCell.h */ = {isa = PBXFileReference; fileEncoding = 4; lastKnownFileType = sourcecode.c.h; path = LGCalendarCell.h; sourceTree = "<group>"; };
		35CA35E01B3A88F7005F2743 /* LGCalendarCell.m */ = {isa = PBXFileReference; fileEncoding = 4; lastKnownFileType = sourcecode.c.objc; path = LGCalendarCell.m; sourceTree = "<group>"; };
		35CA35EB1B3A906C005F2743 /* UIVew+LGExtension.h */ = {isa = PBXFileReference; fileEncoding = 4; lastKnownFileType = sourcecode.c.h; path = "UIVew+LGExtension.h"; sourceTree = "<group>"; };
		35CA35EC1B3A906C005F2743 /* UIVew+LGExtension.m */ = {isa = PBXFileReference; fileEncoding = 4; lastKnownFileType = sourcecode.c.objc; path = "UIVew+LGExtension.m"; sourceTree = "<group>"; };
		35FF2CB81B36A84D00906D46 /* LGCalender.app */ = {isa = PBXFileReference; explicitFileType = wrapper.application; includeInIndex = 0; path = LGCalender.app; sourceTree = BUILT_PRODUCTS_DIR; };
		35FF2CBC1B36A84D00906D46 /* Info.plist */ = {isa = PBXFileReference; lastKnownFileType = text.plist.xml; path = Info.plist; sourceTree = "<group>"; };
		35FF2CBD1B36A84D00906D46 /* main.m */ = {isa = PBXFileReference; lastKnownFileType = sourcecode.c.objc; path = main.m; sourceTree = "<group>"; };
		35FF2CBF1B36A84D00906D46 /* AppDelegate.h */ = {isa = PBXFileReference; lastKnownFileType = sourcecode.c.h; path = AppDelegate.h; sourceTree = "<group>"; };
		35FF2CC01B36A84D00906D46 /* AppDelegate.m */ = {isa = PBXFileReference; lastKnownFileType = sourcecode.c.objc; path = AppDelegate.m; sourceTree = "<group>"; };
		35FF2CC21B36A84D00906D46 /* ViewController.h */ = {isa = PBXFileReference; lastKnownFileType = sourcecode.c.h; path = ViewController.h; sourceTree = "<group>"; };
		35FF2CC31B36A84D00906D46 /* ViewController.m */ = {isa = PBXFileReference; lastKnownFileType = sourcecode.c.objc; path = ViewController.m; sourceTree = "<group>"; };
		35FF2CC61B36A84D00906D46 /* Base */ = {isa = PBXFileReference; lastKnownFileType = file.storyboard; name = Base; path = Base.lproj/Main.storyboard; sourceTree = "<group>"; };
		35FF2CC81B36A84D00906D46 /* Images.xcassets */ = {isa = PBXFileReference; lastKnownFileType = folder.assetcatalog; path = Images.xcassets; sourceTree = "<group>"; };
		35FF2CCB1B36A84D00906D46 /* Base */ = {isa = PBXFileReference; lastKnownFileType = file.xib; name = Base; path = Base.lproj/LaunchScreen.xib; sourceTree = "<group>"; };
		35FF2CD11B36A84D00906D46 /* LGCalenderTests.xctest */ = {isa = PBXFileReference; explicitFileType = wrapper.cfbundle; includeInIndex = 0; path = LGCalenderTests.xctest; sourceTree = BUILT_PRODUCTS_DIR; };
		35FF2CD61B36A84D00906D46 /* Info.plist */ = {isa = PBXFileReference; lastKnownFileType = text.plist.xml; path = Info.plist; sourceTree = "<group>"; };
		35FF2CD71B36A84D00906D46 /* LGCalenderTests.m */ = {isa = PBXFileReference; lastKnownFileType = sourcecode.c.objc; path = LGCalenderTests.m; sourceTree = "<group>"; };
		35FF2CE21B36A8A100906D46 /* NSDate+calender.h */ = {isa = PBXFileReference; fileEncoding = 4; lastKnownFileType = sourcecode.c.h; path = "NSDate+calender.h"; sourceTree = "<group>"; };
		35FF2CE31B36A8A100906D46 /* NSDate+calender.m */ = {isa = PBXFileReference; fileEncoding = 4; lastKnownFileType = sourcecode.c.objc; path = "NSDate+calender.m"; sourceTree = "<group>"; };
/* End PBXFileReference section */

/* Begin PBXFrameworksBuildPhase section */
		35FF2CB51B36A84D00906D46 /* Frameworks */ = {
			isa = PBXFrameworksBuildPhase;
			buildActionMask = 2147483647;
			files = (
			);
			runOnlyForDeploymentPostprocessing = 0;
		};
		35FF2CCE1B36A84D00906D46 /* Frameworks */ = {
			isa = PBXFrameworksBuildPhase;
			buildActionMask = 2147483647;
			files = (
			);
			runOnlyForDeploymentPostprocessing = 0;
		};
/* End PBXFrameworksBuildPhase section */

/* Begin PBXGroup section */
		35FF2CAF1B36A84D00906D46 = {
			isa = PBXGroup;
			children = (
				35FF2CBA1B36A84D00906D46 /* LGCalender */,
				35FF2CD41B36A84D00906D46 /* LGCalenderTests */,
				35FF2CB91B36A84D00906D46 /* Products */,
			);
			sourceTree = "<group>";
		};
		35FF2CB91B36A84D00906D46 /* Products */ = {
			isa = PBXGroup;
			children = (
				35FF2CB81B36A84D00906D46 /* LGCalender.app */,
				35FF2CD11B36A84D00906D46 /* LGCalenderTests.xctest */,
			);
			name = Products;
			sourceTree = "<group>";
		};
		35FF2CBA1B36A84D00906D46 /* LGCalender */ = {
			isa = PBXGroup;
			children = (
				35FF2CE11B36A87800906D46 /* calender */,
				35FF2CBF1B36A84D00906D46 /* AppDelegate.h */,
				35FF2CC01B36A84D00906D46 /* AppDelegate.m */,
				35FF2CC21B36A84D00906D46 /* ViewController.h */,
				35FF2CC31B36A84D00906D46 /* ViewController.m */,
				35FF2CC51B36A84D00906D46 /* Main.storyboard */,
				35FF2CC81B36A84D00906D46 /* Images.xcassets */,
				35FF2CCA1B36A84D00906D46 /* LaunchScreen.xib */,
				35FF2CBB1B36A84D00906D46 /* Supporting Files */,
			);
			path = LGCalender;
			sourceTree = "<group>";
		};
		35FF2CBB1B36A84D00906D46 /* Supporting Files */ = {
			isa = PBXGroup;
			children = (
				35FF2CBC1B36A84D00906D46 /* Info.plist */,
				35FF2CBD1B36A84D00906D46 /* main.m */,
			);
			name = "Supporting Files";
			sourceTree = "<group>";
		};
		35FF2CD41B36A84D00906D46 /* LGCalenderTests */ = {
			isa = PBXGroup;
			children = (
				35FF2CD71B36A84D00906D46 /* LGCalenderTests.m */,
				35FF2CD51B36A84D00906D46 /* Supporting Files */,
			);
			path = LGCalenderTests;
			sourceTree = "<group>";
		};
		35FF2CD51B36A84D00906D46 /* Supporting Files */ = {
			isa = PBXGroup;
			children = (
				35FF2CD61B36A84D00906D46 /* Info.plist */,
			);
			name = "Supporting Files";
			sourceTree = "<group>";
		};
		35FF2CE11B36A87800906D46 /* calender */ = {
			isa = PBXGroup;
			children = (
				350BDA681B40DB5A0010C225 /* LGCalendar.h */,
				350BDA691B40DB5A0010C225 /* LGCalendar.m */,
				35CA35DF1B3A88F7005F2743 /* LGCalendarCell.h */,
				35CA35E01B3A88F7005F2743 /* LGCalendarCell.m */,
				353F92071B427B0900DC00F0 /* LGCalendarHeadView.h */,
				353F92081B427B0900DC00F0 /* LGCalendarHeadView.m */,
				353F920A1B4283E400DC00F0 /* LGCalendarButton.h */,
				353F920B1B4283E400DC00F0 /* LGCalendarButton.m */,
				35FF2CE21B36A8A100906D46 /* NSDate+calender.h */,
				35FF2CE31B36A8A100906D46 /* NSDate+calender.m */,
				35CA35EB1B3A906C005F2743 /* UIVew+LGExtension.h */,
				35CA35EC1B3A906C005F2743 /* UIVew+LGExtension.m */,
			);
			path = calender;
			sourceTree = "<group>";
		};
/* End PBXGroup section */

/* Begin PBXNativeTarget section */
		35FF2CB71B36A84D00906D46 /* LGCalender */ = {
			isa = PBXNativeTarget;
			buildConfigurationList = 35FF2CDB1B36A84D00906D46 /* Build configuration list for PBXNativeTarget "LGCalender" */;
			buildPhases = (
				35FF2CB41B36A84D00906D46 /* Sources */,
				35FF2CB51B36A84D00906D46 /* Frameworks */,
				35FF2CB61B36A84D00906D46 /* Resources */,
			);
			buildRules = (
			);
			dependencies = (
			);
			name = LGCalender;
			productName = LGCalender;
			productReference = 35FF2CB81B36A84D00906D46 /* LGCalender.app */;
			productType = "com.apple.product-type.application";
		};
		35FF2CD01B36A84D00906D46 /* LGCalenderTests */ = {
			isa = PBXNativeTarget;
			buildConfigurationList = 35FF2CDE1B36A84D00906D46 /* Build configuration list for PBXNativeTarget "LGCalenderTests" */;
			buildPhases = (
				35FF2CCD1B36A84D00906D46 /* Sources */,
				35FF2CCE1B36A84D00906D46 /* Frameworks */,
				35FF2CCF1B36A84D00906D46 /* Resources */,
			);
			buildRules = (
			);
			dependencies = (
				35FF2CD31B36A84D00906D46 /* PBXTargetDependency */,
			);
			name = LGCalenderTests;
			productName = LGCalenderTests;
			productReference = 35FF2CD11B36A84D00906D46 /* LGCalenderTests.xctest */;
			productType = "com.apple.product-type.bundle.unit-test";
		};
/* End PBXNativeTarget section */

/* Begin PBXProject section */
		35FF2CB01B36A84D00906D46 /* Project object */ = {
			isa = PBXProject;
			attributes = {
				CLASSPREFIX = LG;
				LastUpgradeCheck = 0630;
				ORGANIZATIONNAME = jamy;
				TargetAttributes = {
					35FF2CB71B36A84D00906D46 = {
						CreatedOnToolsVersion = 6.3.2;
					};
					35FF2CD01B36A84D00906D46 = {
						CreatedOnToolsVersion = 6.3.2;
						TestTargetID = 35FF2CB71B36A84D00906D46;
					};
				};
			};
			buildConfigurationList = 35FF2CB31B36A84D00906D46 /* Build configuration list for PBXProject "LGCalender" */;
			compatibilityVersion = "Xcode 3.2";
			developmentRegion = English;
			hasScannedForEncodings = 0;
			knownRegions = (
				en,
				Base,
			);
			mainGroup = 35FF2CAF1B36A84D00906D46;
			productRefGroup = 35FF2CB91B36A84D00906D46 /* Products */;
			projectDirPath = "";
			projectRoot = "";
			targets = (
				35FF2CB71B36A84D00906D46 /* LGCalender */,
				35FF2CD01B36A84D00906D46 /* LGCalenderTests */,
			);
		};
/* End PBXProject section */

/* Begin PBXResourcesBuildPhase section */
		35FF2CB61B36A84D00906D46 /* Resources */ = {
			isa = PBXResourcesBuildPhase;
			buildActionMask = 2147483647;
			files = (
				35FF2CC71B36A84D00906D46 /* Main.storyboard in Resources */,
				35FF2CCC1B36A84D00906D46 /* LaunchScreen.xib in Resources */,
				35FF2CC91B36A84D00906D46 /* Images.xcassets in Resources */,
			);
			runOnlyForDeploymentPostprocessing = 0;
		};
		35FF2CCF1B36A84D00906D46 /* Resources */ = {
			isa = PBXResourcesBuildPhase;
			buildActionMask = 2147483647;
			files = (
			);
			runOnlyForDeploymentPostprocessing = 0;
		};
/* End PBXResourcesBuildPhase section */

/* Begin PBXSourcesBuildPhase section */
		35FF2CB41B36A84D00906D46 /* Sources */ = {
			isa = PBXSourcesBuildPhase;
			buildActionMask = 2147483647;
			files = (
				353F92091B427B0900DC00F0 /* LGCalendarHeadView.m in Sources */,
				35FF2CE41B36A8A100906D46 /* NSDate+calender.m in Sources */,
				35CA35ED1B3A906C005F2743 /* UIVew+LGExtension.m in Sources */,
				35FF2CC41B36A84D00906D46 /* ViewController.m in Sources */,
				353F920C1B4283E400DC00F0 /* LGCalendarButton.m in Sources */,
				35FF2CC11B36A84D00906D46 /* AppDelegate.m in Sources */,
				350BDA6A1B40DB5A0010C225 /* LGCalendar.m in Sources */,
				35CA35E11B3A88F7005F2743 /* LGCalendarCell.m in Sources */,
				35FF2CBE1B36A84D00906D46 /* main.m in Sources */,
			);
			runOnlyForDeploymentPostprocessing = 0;
		};
		35FF2CCD1B36A84D00906D46 /* Sources */ = {
			isa = PBXSourcesBuildPhase;
			buildActionMask = 2147483647;
			files = (
				35FF2CD81B36A84D00906D46 /* LGCalenderTests.m in Sources */,
			);
			runOnlyForDeploymentPostprocessing = 0;
		};
/* End PBXSourcesBuildPhase section */

/* Begin PBXTargetDependency section */
		35FF2CD31B36A84D00906D46 /* PBXTargetDependency */ = {
			isa = PBXTargetDependency;
			target = 35FF2CB71B36A84D00906D46 /* LGCalender */;
			targetProxy = 35FF2CD21B36A84D00906D46 /* PBXContainerItemProxy */;
		};
/* End PBXTargetDependency section */

/* Begin PBXVariantGroup section */
		35FF2CC51B36A84D00906D46 /* Main.storyboard */ = {
			isa = PBXVariantGroup;
			children = (
				35FF2CC61B36A84D00906D46 /* Base */,
			);
			name = Main.storyboard;
			sourceTree = "<group>";
		};
		35FF2CCA1B36A84D00906D46 /* LaunchScreen.xib */ = {
			isa = PBXVariantGroup;
			children = (
				35FF2CCB1B36A84D00906D46 /* Base */,
			);
			name = LaunchScreen.xib;
			sourceTree = "<group>";
		};
/* End PBXVariantGroup section */

/* Begin XCBuildConfiguration section */
		35FF2CD91B36A84D00906D46 /* Debug */ = {
			isa = XCBuildConfiguration;
			buildSettings = {
				ALWAYS_SEARCH_USER_PATHS = NO;
				CLANG_CXX_LANGUAGE_STANDARD = "gnu++0x";
				CLANG_CXX_LIBRARY = "libc++";
				CLANG_ENABLE_MODULES = YES;
				CLANG_ENABLE_OBJC_ARC = YES;
				CLANG_WARN_BOOL_CONVERSION = YES;
				CLANG_WARN_CONSTANT_CONVERSION = YES;
				CLANG_WARN_DIRECT_OBJC_ISA_USAGE = YES_ERROR;
				CLANG_WARN_EMPTY_BODY = YES;
				CLANG_WARN_ENUM_CONVERSION = YES;
				CLANG_WARN_INT_CONVERSION = YES;
				CLANG_WARN_OBJC_ROOT_CLASS = YES_ERROR;
				CLANG_WARN_UNREACHABLE_CODE = YES;
				CLANG_WARN__DUPLICATE_METHOD_MATCH = YES;
				"CODE_SIGN_IDENTITY[sdk=iphoneos*]" = "iPhone Developer";
				COPY_PHASE_STRIP = NO;
				DEBUG_INFORMATION_FORMAT = "dwarf-with-dsym";
				ENABLE_STRICT_OBJC_MSGSEND = YES;
				GCC_C_LANGUAGE_STANDARD = gnu99;
				GCC_DYNAMIC_NO_PIC = NO;
				GCC_NO_COMMON_BLOCKS = YES;
				GCC_OPTIMIZATION_LEVEL = 0;
				GCC_PREPROCESSOR_DEFINITIONS = (
					"DEBUG=1",
					"$(inherited)",
				);
				GCC_SYMBOLS_PRIVATE_EXTERN = NO;
				GCC_WARN_64_TO_32_BIT_CONVERSION = YES;
				GCC_WARN_ABOUT_RETURN_TYPE = YES_ERROR;
				GCC_WARN_UNDECLARED_SELECTOR = YES;
				GCC_WARN_UNINITIALIZED_AUTOS = YES_AGGRESSIVE;
				GCC_WARN_UNUSED_FUNCTION = YES;
				GCC_WARN_UNUSED_VARIABLE = YES;
				IPHONEOS_DEPLOYMENT_TARGET = 8.3;
				MTL_ENABLE_DEBUG_INFO = YES;
				ONLY_ACTIVE_ARCH = YES;
				SDKROOT = iphoneos;
				TARGETED_DEVICE_FAMILY = "1,2";
			};
			name = Debug;
		};
		35FF2CDA1B36A84D00906D46 /* Release */ = {
			isa = XCBuildConfiguration;
			buildSettings = {
				ALWAYS_SEARCH_USER_PATHS = NO;
				CLANG_CXX_LANGUAGE_STANDARD = "gnu++0x";
				CLANG_CXX_LIBRARY = "libc++";
				CLANG_ENABLE_MODULES = YES;
				CLANG_ENABLE_OBJC_ARC = YES;
				CLANG_WARN_BOOL_CONVERSION = YES;
				CLANG_WARN_CONSTANT_CONVERSION = YES;
				CLANG_WARN_DIRECT_OBJC_ISA_USAGE = YES_ERROR;
				CLANG_WARN_EMPTY_BODY = YES;
				CLANG_WARN_ENUM_CONVERSION = YES;
				CLANG_WARN_INT_CONVERSION = YES;
				CLANG_WARN_OBJC_ROOT_CLASS = YES_ERROR;
				CLANG_WARN_UNREACHABLE_CODE = YES;
				CLANG_WARN__DUPLICATE_METHOD_MATCH = YES;
				"CODE_SIGN_IDENTITY[sdk=iphoneos*]" = "iPhone Developer";
				COPY_PHASE_STRIP = NO;
				DEBUG_INFORMATION_FORMAT = "dwarf-with-dsym";
				ENABLE_NS_ASSERTIONS = NO;
				ENABLE_STRICT_OBJC_MSGSEND = YES;
				GCC_C_LANGUAGE_STANDARD = gnu99;
				GCC_NO_COMMON_BLOCKS = YES;
				GCC_WARN_64_TO_32_BIT_CONVERSION = YES;
				GCC_WARN_ABOUT_RETURN_TYPE = YES_ERROR;
				GCC_WARN_UNDECLARED_SELECTOR = YES;
				GCC_WARN_UNINITIALIZED_AUTOS = YES_AGGRESSIVE;
				GCC_WARN_UNUSED_FUNCTION = YES;
				GCC_WARN_UNUSED_VARIABLE = YES;
				IPHONEOS_DEPLOYMENT_TARGET = 8.3;
				MTL_ENABLE_DEBUG_INFO = NO;
				SDKROOT = iphoneos;
				TARGETED_DEVICE_FAMILY = "1,2";
				VALIDATE_PRODUCT = YES;
			};
			name = Release;
		};
		35FF2CDC1B36A84D00906D46 /* Debug */ = {
			isa = XCBuildConfiguration;
			buildSettings = {
				ASSETCATALOG_COMPILER_APPICON_NAME = AppIcon;
				INFOPLIST_FILE = LGCalender/Info.plist;
				LD_RUNPATH_SEARCH_PATHS = "$(inherited) @executable_path/Frameworks";
				PRODUCT_NAME = "$(TARGET_NAME)";
			};
			name = Debug;
		};
		35FF2CDD1B36A84D00906D46 /* Release */ = {
			isa = XCBuildConfiguration;
			buildSettings = {
				ASSETCATALOG_COMPILER_APPICON_NAME = AppIcon;
				INFOPLIST_FILE = LGCalender/Info.plist;
				LD_RUNPATH_SEARCH_PATHS = "$(inherited) @executable_path/Frameworks";
				PRODUCT_NAME = "$(TARGET_NAME)";
			};
			name = Release;
		};
		35FF2CDF1B36A84D00906D46 /* Debug */ = {
			isa = XCBuildConfiguration;
			buildSettings = {
				BUNDLE_LOADER = "$(TEST_HOST)";
				FRAMEWORK_SEARCH_PATHS = (
					"$(SDKROOT)/Developer/Library/Frameworks",
					"$(inherited)",
				);
				GCC_PREPROCESSOR_DEFINITIONS = (
					"DEBUG=1",
					"$(inherited)",
				);
				INFOPLIST_FILE = LGCalenderTests/Info.plist;
				LD_RUNPATH_SEARCH_PATHS = "$(inherited) @executable_path/Frameworks @loader_path/Frameworks";
				PRODUCT_NAME = "$(TARGET_NAME)";
				TEST_HOST = "$(BUILT_PRODUCTS_DIR)/LGCalender.app/LGCalender";
			};
			name = Debug;
		};
		35FF2CE01B36A84D00906D46 /* Release */ = {
			isa = XCBuildConfiguration;
			buildSettings = {
				BUNDLE_LOADER = "$(TEST_HOST)";
				FRAMEWORK_SEARCH_PATHS = (
					"$(SDKROOT)/Developer/Library/Frameworks",
					"$(inherited)",
				);
				INFOPLIST_FILE = LGCalenderTests/Info.plist;
				LD_RUNPATH_SEARCH_PATHS = "$(inherited) @executable_path/Frameworks @loader_path/Frameworks";
				PRODUCT_NAME = "$(TARGET_NAME)";
				TEST_HOST = "$(BUILT_PRODUCTS_DIR)/LGCalender.app/LGCalender";
			};
			name = Release;
		};
/* End XCBuildConfiguration section */

/* Begin XCConfigurationList section */
		35FF2CB31B36A84D00906D46 /* Build configuration list for PBXProject "LGCalender" */ = {
			isa = XCConfigurationList;
			buildConfigurations = (
				35FF2CD91B36A84D00906D46 /* Debug */,
				35FF2CDA1B36A84D00906D46 /* Release */,
			);
			defaultConfigurationIsVisible = 0;
			defaultConfigurationName = Release;
		};
		35FF2CDB1B36A84D00906D46 /* Build configuration list for PBXNativeTarget "LGCalender" */ = {
			isa = XCConfigurationList;
			buildConfigurations = (
				35FF2CDC1B36A84D00906D46 /* Debug */,
				35FF2CDD1B36A84D00906D46 /* Release */,
			);
			defaultConfigurationIsVisible = 0;
			defaultConfigurationName = Release;
		};
		35FF2CDE1B36A84D00906D46 /* Build configuration list for PBXNativeTarget "LGCalenderTests" */ = {
			isa = XCConfigurationList;
			buildConfigurations = (
				35FF2CDF1B36A84D00906D46 /* Debug */,
				35FF2CE01B36A84D00906D46 /* Release */,
			);
			defaultConfigurationIsVisible = 0;
			defaultConfigurationName = Release;
		};
/* End XCConfigurationList section */
	};
	rootObject = 35FF2CB01B36A84D00906D46 /* Project object */;
}
